<?xml version="1.0" encoding="utf-8"?>
<Project ToolsVersion="4.0" xmlns="http://schemas.microsoft.com/developer/msbuild/2003">
  <ItemGroup>
    <Filter Include="Resource Files">
      <UniqueIdentifier>{67DA6AB6-F800-4c08-8B7A-83BB121AAD01}</UniqueIdentifier>
      <Extensions>rc;ico;cur;bmp;dlg;rc2;rct;bin;rgs;gif;jpg;jpeg;jpe;resx;tiff;tif;png;wav;mfcribbon-ms</Extensions>
    </Filter>
    <Filter Include="Math">
      <UniqueIdentifier>{79fd7c57-0a48-4478-96aa-d391b0b84d41}</UniqueIdentifier>
    </Filter>
    <Filter Include="IO">
      <UniqueIdentifier>{0db88c1b-34de-4e2a-a707-8be7a6230672}</UniqueIdentifier>
    </Filter>
    <Filter Include="Rendering">
      <UniqueIdentifier>{1ac4f8ab-dd4f-4d8e-b540-a2ac7f04c602}</UniqueIdentifier>
    </Filter>
    <Filter Include="Physics">
      <UniqueIdentifier>{6c53215c-ee97-4829-a3fe-1606291f557c}</UniqueIdentifier>
    </Filter>
    <Filter Include="Data Structures">
      <UniqueIdentifier>{84e6ed8d-9a3c-4cd8-b180-f8e90e29e3ef}</UniqueIdentifier>
    </Filter>
    <Filter Include="Core">
      <UniqueIdentifier>{857ea25d-ad70-4ab2-a9b3-581053cfaf19}</UniqueIdentifier>
    </Filter>
    <Filter Include="Entities">
      <UniqueIdentifier>{9d4abbd6-944a-4798-b21b-a4335545e144}</UniqueIdentifier>
    </Filter>
    <Filter Include="Core\Events">
      <UniqueIdentifier>{eb3052a4-0617-4dcc-91d8-a59fdc674cd8}</UniqueIdentifier>
    </Filter>
    <Filter Include="Rendering\Hardware Buffers">
      <UniqueIdentifier>{78726747-a778-45fa-9cc1-e2817133a9c6}</UniqueIdentifier>
    </Filter>
    <Filter Include="Rendering\Materials">
      <UniqueIdentifier>{d7c981ea-f450-4eb0-a4d6-d6a7e78716bd}</UniqueIdentifier>
    </Filter>
    <Filter Include="Core\Input">
      <UniqueIdentifier>{824cb3c3-90d5-4316-bd7a-b58e7e7af87c}</UniqueIdentifier>
    </Filter>
    <Filter Include="Rendering\Cameras">
      <UniqueIdentifier>{4dcb5409-25cf-42a0-adb8-cd268b864d2d}</UniqueIdentifier>
    </Filter>
    <Filter Include="Core\Jobs">
      <UniqueIdentifier>{4cb221e1-d4ab-484c-b0e4-5483f22a2444}</UniqueIdentifier>
    </Filter>
    <Filter Include="Core\Threading">
      <UniqueIdentifier>{b83e3e70-929b-428a-97e1-ef7bdb1575a5}</UniqueIdentifier>
    </Filter>
  </ItemGroup>
  <ItemGroup>
    <ClInclude Include="Include\Core\BuffApplication.h">
      <Filter>Core</Filter>
    </ClInclude>
    <ClInclude Include="Include\Core\BuffPrerequisites.h">
      <Filter>Core</Filter>
    </ClInclude>
    <ClInclude Include="Include\Core\BuffAllocatedClass.h">
      <Filter>Core</Filter>
    </ClInclude>
    <ClInclude Include="Include\Core\BuffBaseAllocator.h">
      <Filter>Core</Filter>
    </ClInclude>
    <ClInclude Include="Include\Core\BuffMemory.h">
      <Filter>Core</Filter>
    </ClInclude>
    <ClInclude Include="Include\Core\BuffSingleton.h">
      <Filter>Core</Filter>
    </ClInclude>
    <ClInclude Include="Include\Rendering\BuffRenderManager.h">
      <Filter>Rendering</Filter>
    </ClInclude>
    <ClInclude Include="Include\Core\BuffWindowsEventHandler.h">
      <Filter>Core</Filter>
    </ClInclude>
    <ClInclude Include="Include\Rendering\BuffRenderWindow.h">
      <Filter>Rendering</Filter>
    </ClInclude>
    <ClInclude Include="Include\Rendering\BuffRenderSystem.h">
      <Filter>Rendering</Filter>
    </ClInclude>
    <ClInclude Include="Include\Rendering\BuffRenderDevice.h">
      <Filter>Rendering</Filter>
    </ClInclude>
    <ClInclude Include="Include\Rendering\BuffRenderDriver.h">
      <Filter>Rendering</Filter>
    </ClInclude>
    <ClInclude Include="Include\Rendering\BuffRenderDeviceDriver.h">
      <Filter>Rendering</Filter>
    </ClInclude>
    <ClInclude Include="Include\Core\BuffSharedPtr.h">
      <Filter>Core</Filter>
    </ClInclude>
    <ClInclude Include="Include\Entities\BuffEntity.h">
      <Filter>Entities</Filter>
    </ClInclude>
    <ClInclude Include="Include\Core\BuffComponent.h">
      <Filter>Core</Filter>
    </ClInclude>
    <ClInclude Include="Include\Rendering\BuffRenderComponent.h">
      <Filter>Rendering</Filter>
    </ClInclude>
    <ClInclude Include="Include\Rendering\BuffMesh.h">
      <Filter>Rendering</Filter>
    </ClInclude>
    <ClInclude Include="Include\Rendering\BuffMeshSerializer.h">
      <Filter>Rendering</Filter>
    </ClInclude>
    <ClInclude Include="Include\Rendering\BuffVertexDescription.h">
      <Filter>Rendering</Filter>
    </ClInclude>
    <ClInclude Include="Include\Rendering\BuffConstantBuffer.h">
      <Filter>Rendering\Hardware Buffers</Filter>
    </ClInclude>
    <ClInclude Include="Include\Rendering\BuffHardwareBuffer.h">
      <Filter>Rendering\Hardware Buffers</Filter>
    </ClInclude>
    <ClInclude Include="Include\Rendering\BuffIndexBuffer.h">
      <Filter>Rendering\Hardware Buffers</Filter>
    </ClInclude>
    <ClInclude Include="Include\Rendering\BuffVertexBuffer.h">
      <Filter>Rendering\Hardware Buffers</Filter>
    </ClInclude>
    <ClInclude Include="Include\Rendering\BuffMaterial.h">
      <Filter>Rendering\Materials</Filter>
    </ClInclude>
    <ClInclude Include="Include\Rendering\BuffShader.h">
      <Filter>Rendering\Materials</Filter>
    </ClInclude>
    <ClInclude Include="Include\Rendering\BuffVertexShader.h">
      <Filter>Rendering\Materials</Filter>
    </ClInclude>
    <ClInclude Include="Include\Rendering\BuffShaderParameter.h">
      <Filter>Rendering\Materials</Filter>
    </ClInclude>
    <ClInclude Include="Include\Rendering\BuffShaderManager.h">
      <Filter>Rendering\Materials</Filter>
    </ClInclude>
    <ClInclude Include="Include\Rendering\BuffPixelShader.h">
      <Filter>Rendering\Materials</Filter>
    </ClInclude>
    <ClInclude Include="Include\Rendering\BuffMaterialReader.h">
      <Filter>Rendering\Materials</Filter>
    </ClInclude>
    <ClInclude Include="Include\Rendering\BuffHardwareBufferParameter.h">
      <Filter>Rendering\Hardware Buffers</Filter>
    </ClInclude>
    <ClInclude Include="Include\Rendering\BuffInputLayoutParameter.h">
      <Filter>Rendering\Materials</Filter>
    </ClInclude>
    <ClInclude Include="Include\Rendering\BuffInputLayout.h">
      <Filter>Rendering\Materials</Filter>
    </ClInclude>
    <ClInclude Include="Include\Rendering\BuffPass.h">
      <Filter>Rendering\Materials</Filter>
    </ClInclude>
    <ClInclude Include="Include\Rendering\BuffTechnique.h">
      <Filter>Rendering\Materials</Filter>
    </ClInclude>
    <ClInclude Include="Include\Core\BuffInputEvent.h">
      <Filter>Core\Events</Filter>
    </ClInclude>
    <ClInclude Include="Include\Core\BuffEventManager.h">
      <Filter>Core\Events</Filter>
    </ClInclude>
    <ClInclude Include="Include\Core\BuffEvent.h">
      <Filter>Core\Events</Filter>
    </ClInclude>
    <ClInclude Include="Include\Core\BuffIEventListener.h">
      <Filter>Core\Events</Filter>
    </ClInclude>
    <ClInclude Include="Include\Core\BuffEventListener.h">
      <Filter>Core\Events</Filter>
    </ClInclude>
    <ClInclude Include="Include\Core\BuffInputManager.h">
      <Filter>Core\Input</Filter>
    </ClInclude>
    <ClInclude Include="Include\Core\BuffClassDirectory.h">
      <Filter>Core</Filter>
    </ClInclude>
    <ClInclude Include="Include\Rendering\BuffCamera.h">
      <Filter>Rendering\Cameras</Filter>
    </ClInclude>
    <ClInclude Include="Include\Core\BuffExitEvent.h">
      <Filter>Core\Events</Filter>
    </ClInclude>
    <ClInclude Include="Include\Core\BuffJob.h">
      <Filter>Core\Jobs</Filter>
    </ClInclude>
    <ClInclude Include="Include\Core\BuffJobManager.h">
      <Filter>Core\Jobs</Filter>
    </ClInclude>
    <ClInclude Include="Include\Core\BuffUpdaterJob.h">
      <Filter>Core\Jobs</Filter>
    </ClInclude>
    <ClInclude Include="Include\Core\BuffScopedLock.h">
      <Filter>Core\Threading</Filter>
    </ClInclude>
  </ItemGroup>
  <ItemGroup>
    <ClCompile Include="Src\Core\BuffApplication.cpp">
      <Filter>Core</Filter>
    </ClCompile>
    <ClCompile Include="Src\Rendering\BuffRenderWindow.cpp">
      <Filter>Rendering</Filter>
    </ClCompile>
    <ClCompile Include="Src\Rendering\BuffRenderSystem.cpp">
      <Filter>Rendering</Filter>
    </ClCompile>
    <ClCompile Include="Src\Rendering\BuffRenderManager.cpp">
      <Filter>Rendering</Filter>
    </ClCompile>
    <ClCompile Include="Src\Rendering\BuffRenderDeviceDriver.cpp">
      <Filter>Rendering</Filter>
    </ClCompile>
    <ClCompile Include="Src\Rendering\BuffRenderDevice.cpp">
      <Filter>Rendering</Filter>
    </ClCompile>
    <ClCompile Include="Src\Rendering\BuffRenderComponent.cpp">
      <Filter>Rendering</Filter>
    </ClCompile>
    <ClCompile Include="Src\Rendering\BuffMesh.cpp">
      <Filter>Rendering</Filter>
    </ClCompile>
    <ClCompile Include="Src\Core\BuffComponent.cpp">
      <Filter>Core</Filter>
    </ClCompile>
    <ClCompile Include="Src\Rendering\BuffMeshSerializer.cpp">
      <Filter>Rendering</Filter>
    </ClCompile>
    <ClCompile Include="Src\Rendering\BuffVertexDescription.cpp">
      <Filter>Rendering</Filter>
    </ClCompile>
    <ClCompile Include="Src\Rendering\BuffHardwareBuffer.cpp">
      <Filter>Rendering\Hardware Buffers</Filter>
    </ClCompile>
    <ClCompile Include="Src\Rendering\BuffVertexBuffer.cpp">
      <Filter>Rendering\Hardware Buffers</Filter>
    </ClCompile>
    <ClCompile Include="Src\Rendering\BuffIndexBuffer.cpp">
      <Filter>Rendering\Hardware Buffers</Filter>
    </ClCompile>
    <ClCompile Include="Src\Rendering\BuffMaterial.cpp">
      <Filter>Rendering\Materials</Filter>
    </ClCompile>
    <ClCompile Include="Src\Rendering\BuffShader.cpp">
      <Filter>Rendering\Materials</Filter>
    </ClCompile>
    <ClCompile Include="Src\Rendering\BuffVertexShader.cpp">
      <Filter>Rendering\Materials</Filter>
    </ClCompile>
    <ClCompile Include="Src\Rendering\BuffPixelShader.cpp">
      <Filter>Rendering\Materials</Filter>
    </ClCompile>
    <ClCompile Include="Src\Rendering\BuffConstantBuffer.cpp">
      <Filter>Rendering\Hardware Buffers</Filter>
    </ClCompile>
    <ClCompile Include="Src\Rendering\BuffMaterialReader.cpp">
      <Filter>Rendering\Materials</Filter>
    </ClCompile>
    <ClCompile Include="Src\Rendering\BuffInputLayoutParameter.cpp">
      <Filter>Rendering\Materials</Filter>
    </ClCompile>
    <ClCompile Include="Src\Rendering\BuffInputLayout.cpp">
      <Filter>Rendering\Materials</Filter>
    </ClCompile>
    <ClCompile Include="Src\Rendering\BuffShaderParameter.cpp">
      <Filter>Rendering\Materials</Filter>
    </ClCompile>
    <ClCompile Include="Src\Rendering\BuffTechnique.cpp">
      <Filter>Rendering\Materials</Filter>
    </ClCompile>
    <ClCompile Include="Src\Rendering\BuffPass.cpp">
      <Filter>Rendering\Materials</Filter>
    </ClCompile>
    <ClCompile Include="Src\Rendering\BuffVertexElementSemanticDescription.cpp">
      <Filter>Rendering</Filter>
    </ClCompile>
    <ClCompile Include="Src\Core\BuffEvent.cpp">
      <Filter>Core\Events</Filter>
    </ClCompile>
    <ClCompile Include="Src\Core\BuffInputEvent.cpp">
      <Filter>Core\Events</Filter>
    </ClCompile>
    <ClCompile Include="Src\Core\BuffEventManager.cpp">
      <Filter>Core\Events</Filter>
    </ClCompile>
    <ClCompile Include="Src\Core\BuffInputManager.cpp">
      <Filter>Core\Input</Filter>
    </ClCompile>
    <ClCompile Include="Src\Core\BuffIEventListener.cpp">
      <Filter>Core\Events</Filter>
    </ClCompile>
    <ClCompile Include="Src\Rendering\BuffCamera.cpp">
      <Filter>Rendering\Cameras</Filter>
    </ClCompile>
    <ClCompile Include="Src\Core\BuffExitEvent.cpp">
      <Filter>Core\Events</Filter>
    </ClCompile>
    <ClCompile Include="Src\Core\BuffJob.cpp">
      <Filter>Core\Jobs</Filter>
    </ClCompile>
    <ClCompile Include="Src\Core\BuffJobManager.cpp">
      <Filter>Core\Jobs</Filter>
    </ClCompile>
    <ClCompile Include="Src\Core\BuffScopedLock.cpp">
      <Filter>Core\Threading</Filter>
    </ClCompile>
  </ItemGroup>
  <ItemGroup>
    <None Include="Include\Core\BuffAllocatedClass.inl">
      <Filter>Core</Filter>
    </None>
    <None Include="Include\Core\BuffSingleton.inl">
      <Filter>Core</Filter>
    </None>
    <None Include="Include\Core\BuffSharedPtr.inl">
      <Filter>Core</Filter>
    </None>
    <None Include="Include\Core\BuffEventListener.inl">
      <Filter>Core\Events</Filter>
    </None>
    <None Include="Include\Core\BuffUpdaterJob.inl">
      <Filter>Core\Jobs</Filter>
    </None>
  </ItemGroup>
</Project>